<?xml version="1.0" encoding="utf-8"?>
<Project ToolsVersion="4.0" xmlns="http://schemas.microsoft.com/developer/msbuild/2003">
  <ItemGroup>
    <Filter Include="Source Files">
      <UniqueIdentifier>{c242845f-60ae-4cfb-8691-74c20cf11600}</UniqueIdentifier>
      <Extensions>cpp;c;cxx;rc;def;r;odl;idl;hpj;bat</Extensions>
    </Filter>
    <Filter Include="Header Files">
      <UniqueIdentifier>{8e84301a-a979-432a-9857-08cfe2c77098}</UniqueIdentifier>
      <Extensions>h;hpp;hxx;hm;inl</Extensions>
    </Filter>
    <Filter Include="misc">
      <UniqueIdentifier>{31ebb910-6828-411f-b2b3-b5d0373e25e6}</UniqueIdentifier>
    </Filter>
    <Filter Include="Resource Files">
      <UniqueIdentifier>{eab4fe94-ffa9-41d0-b996-ac40f0b8bccb}</UniqueIdentifier>
      <Extensions>ico;cur;bmp;dlg;rc2;rct;bin;rgs;gif;jpg;jpeg;jpe</Extensions>
    </Filter>
  </ItemGroup>
  <ItemGroup>
    <ClCompile Include="BaseGameEntity.cpp">
      <Filter>Source Files</Filter>
    </ClCompile>
    <ClCompile Include="EntityManager.cpp">
      <Filter>Source Files</Filter>
    </ClCompile>
    <ClCompile Include="main.cpp">
      <Filter>Source Files</Filter>
    </ClCompile>
    <ClCompile Include="MessageDispatcher.cpp">
      <Filter>Source Files</Filter>
    </ClCompile>
    <ClCompile Include="Miner.cpp">
      <Filter>Source Files</Filter>
    </ClCompile>
    <ClCompile Include="MinerOwnedStates.cpp">
      <Filter>Source Files</Filter>
    </ClCompile>
    <ClCompile Include="MinersWife.cpp">
      <Filter>Source Files</Filter>
    </ClCompile>
    <ClCompile Include="MinersWifeOwnedStates.cpp">
      <Filter>Source Files</Filter>
    </ClCompile>
    <ClCompile Include="..\..\Common\Time\CrudeTimer.cpp">
      <Filter>misc</Filter>
    </ClCompile>
    <ClCompile Include="Boozer.cpp">
      <Filter>Source Files</Filter>
    </ClCompile>
    <ClCompile Include="BoozerOwnedStates.cpp">
      <Filter>Source Files</Filter>
    </ClCompile>
  </ItemGroup>
  <ItemGroup>
    <ClInclude Include="BaseGameEntity.h">
      <Filter>Header Files</Filter>
    </ClInclude>
    <ClInclude Include="EntityManager.h">
      <Filter>Header Files</Filter>
    </ClInclude>
    <ClInclude Include="EntityNames.h">
      <Filter>Header Files</Filter>
    </ClInclude>
    <ClInclude Include="Locations.h">
      <Filter>Header Files</Filter>
    </ClInclude>
    <ClInclude Include="MessageDispatcher.h">
      <Filter>Header Files</Filter>
    </ClInclude>
    <ClInclude Include="MessageTypes.h">
      <Filter>Header Files</Filter>
    </ClInclude>
    <ClInclude Include="Miner.h">
      <Filter>Header Files</Filter>
    </ClInclude>
    <ClInclude Include="MinerOwnedStates.h">
      <Filter>Header Files</Filter>
    </ClInclude>
    <ClInclude Include="MinersWife.h">
      <Filter>Header Files</Filter>
    </ClInclude>
    <ClInclude Include="MinersWifeOwnedStates.h">
      <Filter>Header Files</Filter>
    </ClInclude>
    <ClInclude Include="..\..\Common\FSM\State.h">
      <Filter>Header Files</Filter>
    </ClInclude>
    <ClInclude Include="..\..\Common\FSM\StateMachine.h">
      <Filter>Header Files</Filter>
    </ClInclude>
    <ClInclude Include="..\..\Common\Messaging\Telegram.h">
      <Filter>Header Files</Filter>
    </ClInclude>
    <ClInclude Include="..\..\Common\misc\ConsoleUtils.h">
      <Filter>misc</Filter>
    </ClInclude>
    <ClInclude Include="..\..\Common\ConsoleUtils.h">
      <Filter>misc</Filter>
    </ClInclude>
    <ClInclude Include="..\..\Common\Time\CrudeTimer.h">
      <Filter>misc</Filter>
    </ClInclude>
    <ClInclude Include="..\..\Common\2D\SVector2D.h">
      <Filter>misc</Filter>
    </ClInclude>
    <ClInclude Include="..\..\Common\utils.h">
      <Filter>misc</Filter>
    </ClInclude>
    <ClInclude Include="..\..\Common\misc\utils.h">
      <Filter>misc</Filter>
    </ClInclude>
    <ClInclude Include="Boozer.h">
      <Filter>Header Files</Filter>
    </ClInclude>
    <ClInclude Include="BoozerOwnedStates.h">
      <Filter>Header Files</Filter>
    </ClInclude>
  </ItemGroup>
</Project>